
Microsoft Visual Studio Solution File, Format Version 12.00
# Visual Studio Version 17
VisualStudioVersion = 17.4.33110.190
MinimumVisualStudioVersion = 10.0.40219.1
Project("{FAE04EC0-301F-11D3-BF4B-00C04F79EFBC}") = "InvestAnalysis.Server", "InvestAnalysis\Server\InvestAnalysis.Server.csproj", "{9F305DE3-273D-4136-B706-9FDF8E98C720}"
EndProject
Project("{FAE04EC0-301F-11D3-BF4B-00C04F79EFBC}") = "InvestAnalysis.Client", "InvestAnalysis\Client\InvestAnalysis.Client.csproj", "{E7AE44FF-F7B3-4D8A-BAA0-740FBF9EF42F}"
EndProject
Project("{FAE04EC0-301F-11D3-BF4B-00C04F79EFBC}") = "InvestAnalysis.Shared", "InvestAnalysis\Shared\InvestAnalysis.Shared.csproj", "{FD0A692C-616F-4336-A99B-9508AC0C808B}"
EndProject
Global
	GlobalSection(SolutionConfigurationPlatforms) = preSolution
		Debug|Any CPU = Debug|Any CPU
		Release|Any CPU = Release|Any CPU
	EndGlobalSection
	GlobalSection(ProjectConfigurationPlatforms) = postSolution
		{9F305DE3-273D-4136-B706-9FDF8E98C720}.Debug|Any CPU.ActiveCfg = Debug|Any CPU
		{9F305DE3-273D-4136-B706-9FDF8E98C720}.Debug|Any CPU.Build.0 = Debug|Any CPU
		{9F305DE3-273D-4136-B706-9FDF8E98C720}.Release|Any CPU.ActiveCfg = Release|Any CPU
		{9F305DE3-273D-4136-B706-9FDF8E98C720}.Release|Any CPU.Build.0 = Release|Any CPU
		{E7AE44FF-F7B3-4D8A-BAA0-740FBF9EF42F}.Debug|Any CPU.ActiveCfg = Debug|Any CPU
		{E7AE44FF-F7B3-4D8A-BAA0-740FBF9EF42F}.Debug|Any CPU.Build.0 = Debug|Any CPU
		{E7AE44FF-F7B3-4D8A-BAA0-740FBF9EF42F}.Release|Any CPU.ActiveCfg = Release|Any CPU
		{E7AE44FF-F7B3-4D8A-BAA0-740FBF9EF42F}.Release|Any CPU.Build.0 = Release|Any CPU
		{FD0A692C-616F-4336-A99B-9508AC0C808B}.Debug|Any CPU.ActiveCfg = Debug|Any CPU
		{FD0A692C-616F-4336-A99B-9508AC0C808B}.Debug|Any CPU.Build.0 = Debug|Any CPU
		{FD0A692C-616F-4336-A99B-9508AC0C808B}.Release|Any CPU.ActiveCfg = Release|Any CPU
		{FD0A692C-616F-4336-A99B-9508AC0C808B}.Release|Any CPU.Build.0 = Release|Any CPU
	EndGlobalSection
	GlobalSection(SolutionProperties) = preSolution
		HideSolutionNode = FALSE
	EndGlobalSection
	GlobalSection(ExtensibilityGlobals) = postSolution
		SolutionGuid = {EEAB1B04-ABE6-4ADC-94DC-C8C4FEC5396A}
	EndGlobalSection
EndGlobal
